
Microsoft Visual Studio Solution File, Format Version 12.00
# Visual Studio Version 16
VisualStudioVersion = 16.0.30804.86
MinimumVisualStudioVersion = 15.0.26124.0
Project("{2150E333-8FDC-42A3-9474-1A3956D46DE8}") = "src", "src", "{809E016C-9CDB-43C1-AFB9-0D372F77A275}"
EndProject
Project("{9A19103F-16F7-4668-BE54-9A1E7A4F7556}") = "DiscordCs", "src\DiscordCs\DiscordCs.csproj", "{8F1E9938-8401-44DF-ACEB-3BC3EC97A90A}"
EndProject
Project("{9A19103F-16F7-4668-BE54-9A1E7A4F7556}") = "DiscordCs.Entity", "src\DiscordCs.Entity\DiscordCs.Entity.csproj", "{D4E5B7E2-AAF2-453F-BBD9-F3D01A242E68}"
EndProject
Project("{2150E333-8FDC-42A3-9474-1A3956D46DE8}") = "code", "code", "{0543B374-9999-4CDA-8E72-898211155001}"
EndProject
Project("{9A19103F-16F7-4668-BE54-9A1E7A4F7556}") = "BotTest", "code\BotTest\BotTest.csproj", "{312DC0D8-4672-42B0-9CE1-67254D6B5586}"
EndProject
Project("{9A19103F-16F7-4668-BE54-9A1E7A4F7556}") = "DiscordCs.Gateway", "src\DiscordCs.Gateway\DiscordCs.Gateway.csproj", "{825A945D-9436-4913-8FE1-7CCAB1B37951}"
EndProject
Project("{9A19103F-16F7-4668-BE54-9A1E7A4F7556}") = "DiscordCs.Gateway.Standard", "src\DiscordCs.Gateway.Standard\DiscordCs.Gateway.Standard.csproj", "{1297A000-5F02-4972-9499-9F9B9E6001F4}"
EndProject
Project("{9A19103F-16F7-4668-BE54-9A1E7A4F7556}") = "DiscordCs.Caching", "src\DiscordCs.Caching\DiscordCs.Caching.csproj", "{8BCCF192-0B08-4617-A745-2D464BE480B3}"
EndProject
Project("{9A19103F-16F7-4668-BE54-9A1E7A4F7556}") = "DiscordCs.Caching.Standard", "src\DiscordCs.Caching.Standard\DiscordCs.Caching.Standard.csproj", "{E636BB37-5D15-4221-AA2E-B74B3658EC5D}"
EndProject
Project("{9A19103F-16F7-4668-BE54-9A1E7A4F7556}") = "DiscordCs.Rest", "src\DiscordCs.Rest\DiscordCs.Rest.csproj", "{B01B40C8-D35D-47A8-8EEE-FD56DE184948}"
EndProject
Project("{9A19103F-16F7-4668-BE54-9A1E7A4F7556}") = "DiscordCs.Rest.Standard", "src\DiscordCs.Rest.Standard\DiscordCs.Rest.Standard.csproj", "{ADF7F876-3279-4246-9017-285E705E8FE1}"
EndProject
Project("{9A19103F-16F7-4668-BE54-9A1E7A4F7556}") = "DiscordCs.Logging", "src\DiscordCs.Logging\DiscordCs.Logging.csproj", "{E4F79221-A38C-409A-A744-CCDAB233BB11}"
EndProject
Project("{9A19103F-16F7-4668-BE54-9A1E7A4F7556}") = "DiscordCs.Logging.Standard", "src\DiscordCs.Logging.Standard\DiscordCs.Logging.Standard.csproj", "{CD531019-D603-4D3C-8AE5-E4C83F1A11E8}"
EndProject
Project("{9A19103F-16F7-4668-BE54-9A1E7A4F7556}") = "Benckmark", "code\Benckmark\Benckmark.csproj", "{99BB257E-4D2E-4A39-85D4-CB51253726BD}"
EndProject
Global
	GlobalSection(SolutionConfigurationPlatforms) = preSolution
		Debug|Any CPU = Debug|Any CPU
		Release|Any CPU = Release|Any CPU
	EndGlobalSection
	GlobalSection(ProjectConfigurationPlatforms) = postSolution
		{8F1E9938-8401-44DF-ACEB-3BC3EC97A90A}.Debug|Any CPU.ActiveCfg = Debug|Any CPU
		{8F1E9938-8401-44DF-ACEB-3BC3EC97A90A}.Debug|Any CPU.Build.0 = Debug|Any CPU
		{8F1E9938-8401-44DF-ACEB-3BC3EC97A90A}.Release|Any CPU.ActiveCfg = Release|Any CPU
		{8F1E9938-8401-44DF-ACEB-3BC3EC97A90A}.Release|Any CPU.Build.0 = Release|Any CPU
		{D4E5B7E2-AAF2-453F-BBD9-F3D01A242E68}.Debug|Any CPU.ActiveCfg = Debug|Any CPU
		{D4E5B7E2-AAF2-453F-BBD9-F3D01A242E68}.Debug|Any CPU.Build.0 = Debug|Any CPU
		{D4E5B7E2-AAF2-453F-BBD9-F3D01A242E68}.Release|Any CPU.ActiveCfg = Release|Any CPU
		{D4E5B7E2-AAF2-453F-BBD9-F3D01A242E68}.Release|Any CPU.Build.0 = Release|Any CPU
		{312DC0D8-4672-42B0-9CE1-67254D6B5586}.Debug|Any CPU.ActiveCfg = Debug|Any CPU
		{312DC0D8-4672-42B0-9CE1-67254D6B5586}.Debug|Any CPU.Build.0 = Debug|Any CPU
		{312DC0D8-4672-42B0-9CE1-67254D6B5586}.Release|Any CPU.ActiveCfg = Release|Any CPU
		{312DC0D8-4672-42B0-9CE1-67254D6B5586}.Release|Any CPU.Build.0 = Release|Any CPU
		{825A945D-9436-4913-8FE1-7CCAB1B37951}.Debug|Any CPU.ActiveCfg = Debug|Any CPU
		{825A945D-9436-4913-8FE1-7CCAB1B37951}.Debug|Any CPU.Build.0 = Debug|Any CPU
		{825A945D-9436-4913-8FE1-7CCAB1B37951}.Release|Any CPU.ActiveCfg = Release|Any CPU
		{825A945D-9436-4913-8FE1-7CCAB1B37951}.Release|Any CPU.Build.0 = Release|Any CPU
		{1297A000-5F02-4972-9499-9F9B9E6001F4}.Debug|Any CPU.ActiveCfg = Debug|Any CPU
		{1297A000-5F02-4972-9499-9F9B9E6001F4}.Debug|Any CPU.Build.0 = Debug|Any CPU
		{1297A000-5F02-4972-9499-9F9B9E6001F4}.Release|Any CPU.ActiveCfg = Release|Any CPU
		{1297A000-5F02-4972-9499-9F9B9E6001F4}.Release|Any CPU.Build.0 = Release|Any CPU
		{8BCCF192-0B08-4617-A745-2D464BE480B3}.Debug|Any CPU.ActiveCfg = Debug|Any CPU
		{8BCCF192-0B08-4617-A745-2D464BE480B3}.Debug|Any CPU.Build.0 = Debug|Any CPU
		{8BCCF192-0B08-4617-A745-2D464BE480B3}.Release|Any CPU.ActiveCfg = Release|Any CPU
		{8BCCF192-0B08-4617-A745-2D464BE480B3}.Release|Any CPU.Build.0 = Release|Any CPU
		{E636BB37-5D15-4221-AA2E-B74B3658EC5D}.Debug|Any CPU.ActiveCfg = Debug|Any CPU
		{E636BB37-5D15-4221-AA2E-B74B3658EC5D}.Debug|Any CPU.Build.0 = Debug|Any CPU
		{E636BB37-5D15-4221-AA2E-B74B3658EC5D}.Release|Any CPU.ActiveCfg = Release|Any CPU
		{E636BB37-5D15-4221-AA2E-B74B3658EC5D}.Release|Any CPU.Build.0 = Release|Any CPU
		{B01B40C8-D35D-47A8-8EEE-FD56DE184948}.Debug|Any CPU.ActiveCfg = Debug|Any CPU
		{B01B40C8-D35D-47A8-8EEE-FD56DE184948}.Debug|Any CPU.Build.0 = Debug|Any CPU
		{B01B40C8-D35D-47A8-8EEE-FD56DE184948}.Release|Any CPU.ActiveCfg = Release|Any CPU
		{B01B40C8-D35D-47A8-8EEE-FD56DE184948}.Release|Any CPU.Build.0 = Release|Any CPU
		{ADF7F876-3279-4246-9017-285E705E8FE1}.Debug|Any CPU.ActiveCfg = Debug|Any CPU
		{ADF7F876-3279-4246-9017-285E705E8FE1}.Debug|Any CPU.Build.0 = Debug|Any CPU
		{ADF7F876-3279-4246-9017-285E705E8FE1}.Release|Any CPU.ActiveCfg = Release|Any CPU
		{ADF7F876-3279-4246-9017-285E705E8FE1}.Release|Any CPU.Build.0 = Release|Any CPU
		{E4F79221-A38C-409A-A744-CCDAB233BB11}.Debug|Any CPU.ActiveCfg = Debug|Any CPU
		{E4F79221-A38C-409A-A744-CCDAB233BB11}.Debug|Any CPU.Build.0 = Debug|Any CPU
		{E4F79221-A38C-409A-A744-CCDAB233BB11}.Release|Any CPU.ActiveCfg = Release|Any CPU
		{E4F79221-A38C-409A-A744-CCDAB233BB11}.Release|Any CPU.Build.0 = Release|Any CPU
		{CD531019-D603-4D3C-8AE5-E4C83F1A11E8}.Debug|Any CPU.ActiveCfg = Debug|Any CPU
		{CD531019-D603-4D3C-8AE5-E4C83F1A11E8}.Debug|Any CPU.Build.0 = Debug|Any CPU
		{CD531019-D603-4D3C-8AE5-E4C83F1A11E8}.Release|Any CPU.ActiveCfg = Release|Any CPU
		{CD531019-D603-4D3C-8AE5-E4C83F1A11E8}.Release|Any CPU.Build.0 = Release|Any CPU
		{99BB257E-4D2E-4A39-85D4-CB51253726BD}.Debug|Any CPU.ActiveCfg = Debug|Any CPU
		{99BB257E-4D2E-4A39-85D4-CB51253726BD}.Debug|Any CPU.Build.0 = Debug|Any CPU
		{99BB257E-4D2E-4A39-85D4-CB51253726BD}.Release|Any CPU.ActiveCfg = Release|Any CPU
		{99BB257E-4D2E-4A39-85D4-CB51253726BD}.Release|Any CPU.Build.0 = Release|Any CPU
	EndGlobalSection
	GlobalSection(SolutionProperties) = preSolution
		HideSolutionNode = FALSE
	EndGlobalSection
	GlobalSection(NestedProjects) = preSolution
		{8F1E9938-8401-44DF-ACEB-3BC3EC97A90A} = {809E016C-9CDB-43C1-AFB9-0D372F77A275}
		{D4E5B7E2-AAF2-453F-BBD9-F3D01A242E68} = {809E016C-9CDB-43C1-AFB9-0D372F77A275}
		{312DC0D8-4672-42B0-9CE1-67254D6B5586} = {0543B374-9999-4CDA-8E72-898211155001}
		{825A945D-9436-4913-8FE1-7CCAB1B37951} = {809E016C-9CDB-43C1-AFB9-0D372F77A275}
		{1297A000-5F02-4972-9499-9F9B9E6001F4} = {809E016C-9CDB-43C1-AFB9-0D372F77A275}
		{8BCCF192-0B08-4617-A745-2D464BE480B3} = {809E016C-9CDB-43C1-AFB9-0D372F77A275}
		{E636BB37-5D15-4221-AA2E-B74B3658EC5D} = {809E016C-9CDB-43C1-AFB9-0D372F77A275}
		{B01B40C8-D35D-47A8-8EEE-FD56DE184948} = {809E016C-9CDB-43C1-AFB9-0D372F77A275}
		{ADF7F876-3279-4246-9017-285E705E8FE1} = {809E016C-9CDB-43C1-AFB9-0D372F77A275}
		{E4F79221-A38C-409A-A744-CCDAB233BB11} = {809E016C-9CDB-43C1-AFB9-0D372F77A275}
		{CD531019-D603-4D3C-8AE5-E4C83F1A11E8} = {809E016C-9CDB-43C1-AFB9-0D372F77A275}
		{99BB257E-4D2E-4A39-85D4-CB51253726BD} = {0543B374-9999-4CDA-8E72-898211155001}
	EndGlobalSection
	GlobalSection(ExtensibilityGlobals) = postSolution
		SolutionGuid = {CBDFC198-519D-4F43-9613-405CE006A1B8}
	EndGlobalSection
EndGlobal
