
Microsoft Visual Studio Solution File, Format Version 12.00
# Visual Studio Version 16
VisualStudioVersion = 16.0.30804.86
MinimumVisualStudioVersion = 15.0.26124.0
Project("{2150E333-8FDC-42A3-9474-1A3956D46DE8}") = "src", "src", "{6575F7A8-0D08-41D3-AC12-9FCE38639BF4}"
EndProject
Project("{2150E333-8FDC-42A3-9474-1A3956D46DE8}") = "test", "test", "{58F48FEB-9B85-4D33-B578-1A6CEAE35A6E}"
EndProject
Project("{9A19103F-16F7-4668-BE54-9A1E7A4F7556}") = "FarDragi.DiscordCs", "src\FarDragi.DiscordCs\FarDragi.DiscordCs.csproj", "{67AF4815-91F0-4E6D-A9EF-034DD7DFEAF4}"
EndProject
Project("{9A19103F-16F7-4668-BE54-9A1E7A4F7556}") = "BotTest", "test\BotTest\BotTest.csproj", "{7F8186D0-B54F-47F3-A58F-8CADDDE2DD9A}"
EndProject
Project("{9A19103F-16F7-4668-BE54-9A1E7A4F7556}") = "FarDragi.DiscordCs.Gateway", "src\FarDragi.DiscordCs.Gateway\FarDragi.DiscordCs.Gateway.csproj", "{DAEC0A0A-B338-4A8F-B033-BB0F42CBCC97}"
EndProject
Project("{9A19103F-16F7-4668-BE54-9A1E7A4F7556}") = "FarDragi.DiscordCs.Json", "src\FarDragi.DiscordCs.Json\FarDragi.DiscordCs.Json.csproj", "{F0207DC4-D890-402A-B8EB-25802F4254CD}"
EndProject
Project("{9A19103F-16F7-4668-BE54-9A1E7A4F7556}") = "FarDragi.DiscordCs.Rest", "src\FarDragi.DiscordCs.Rest\FarDragi.DiscordCs.Rest.csproj", "{D0275A35-CF66-40AF-820A-4F7CD0176173}"
EndProject
Project("{9A19103F-16F7-4668-BE54-9A1E7A4F7556}") = "FarDragi.DiscordCs.Caching", "src\FarDragi.DiscordCs.Caching\FarDragi.DiscordCs.Caching.csproj", "{1CD902A7-4253-484A-902F-F20268F76E41}"
EndProject
Project("{9A19103F-16F7-4668-BE54-9A1E7A4F7556}") = "CodeTest", "test\CodeTest\CodeTest.csproj", "{444B271A-813D-4C94-BF96-E19DF292AA58}"
EndProject
Project("{9A19103F-16F7-4668-BE54-9A1E7A4F7556}") = "FarDragi.DiscordCs.Caching.Standard", "src\FarDragi.DiscordCs.Caching.Standard\FarDragi.DiscordCs.Caching.Standard.csproj", "{F5AD9034-11EE-4696-B599-E725B2583584}"
EndProject
Project("{FAE04EC0-301F-11D3-BF4B-00C04F79EFBC}") = "FarDragi.DiscordCs.Entities", "src\FarDragi.DiscordCs.Entities\FarDragi.DiscordCs.Entities.csproj", "{8E713EF0-E927-4A2F-8679-8014AC67E01E}"
EndProject
Global
	GlobalSection(SolutionConfigurationPlatforms) = preSolution
		Debug|Any CPU = Debug|Any CPU
		Release|Any CPU = Release|Any CPU
	EndGlobalSection
	GlobalSection(ProjectConfigurationPlatforms) = postSolution
		{67AF4815-91F0-4E6D-A9EF-034DD7DFEAF4}.Debug|Any CPU.ActiveCfg = Debug|Any CPU
		{67AF4815-91F0-4E6D-A9EF-034DD7DFEAF4}.Debug|Any CPU.Build.0 = Debug|Any CPU
		{67AF4815-91F0-4E6D-A9EF-034DD7DFEAF4}.Release|Any CPU.ActiveCfg = Release|Any CPU
		{67AF4815-91F0-4E6D-A9EF-034DD7DFEAF4}.Release|Any CPU.Build.0 = Release|Any CPU
		{7F8186D0-B54F-47F3-A58F-8CADDDE2DD9A}.Debug|Any CPU.ActiveCfg = Debug|Any CPU
		{7F8186D0-B54F-47F3-A58F-8CADDDE2DD9A}.Debug|Any CPU.Build.0 = Debug|Any CPU
		{7F8186D0-B54F-47F3-A58F-8CADDDE2DD9A}.Release|Any CPU.ActiveCfg = Release|Any CPU
		{7F8186D0-B54F-47F3-A58F-8CADDDE2DD9A}.Release|Any CPU.Build.0 = Release|Any CPU
		{DAEC0A0A-B338-4A8F-B033-BB0F42CBCC97}.Debug|Any CPU.ActiveCfg = Debug|Any CPU
		{DAEC0A0A-B338-4A8F-B033-BB0F42CBCC97}.Debug|Any CPU.Build.0 = Debug|Any CPU
		{DAEC0A0A-B338-4A8F-B033-BB0F42CBCC97}.Release|Any CPU.ActiveCfg = Release|Any CPU
		{DAEC0A0A-B338-4A8F-B033-BB0F42CBCC97}.Release|Any CPU.Build.0 = Release|Any CPU
		{F0207DC4-D890-402A-B8EB-25802F4254CD}.Debug|Any CPU.ActiveCfg = Debug|Any CPU
		{F0207DC4-D890-402A-B8EB-25802F4254CD}.Debug|Any CPU.Build.0 = Debug|Any CPU
		{F0207DC4-D890-402A-B8EB-25802F4254CD}.Release|Any CPU.ActiveCfg = Release|Any CPU
		{F0207DC4-D890-402A-B8EB-25802F4254CD}.Release|Any CPU.Build.0 = Release|Any CPU
		{D0275A35-CF66-40AF-820A-4F7CD0176173}.Debug|Any CPU.ActiveCfg = Debug|Any CPU
		{D0275A35-CF66-40AF-820A-4F7CD0176173}.Debug|Any CPU.Build.0 = Debug|Any CPU
		{D0275A35-CF66-40AF-820A-4F7CD0176173}.Release|Any CPU.ActiveCfg = Release|Any CPU
		{D0275A35-CF66-40AF-820A-4F7CD0176173}.Release|Any CPU.Build.0 = Release|Any CPU
		{1CD902A7-4253-484A-902F-F20268F76E41}.Debug|Any CPU.ActiveCfg = Debug|Any CPU
		{1CD902A7-4253-484A-902F-F20268F76E41}.Debug|Any CPU.Build.0 = Debug|Any CPU
		{1CD902A7-4253-484A-902F-F20268F76E41}.Release|Any CPU.ActiveCfg = Release|Any CPU
		{1CD902A7-4253-484A-902F-F20268F76E41}.Release|Any CPU.Build.0 = Release|Any CPU
		{444B271A-813D-4C94-BF96-E19DF292AA58}.Debug|Any CPU.ActiveCfg = Debug|Any CPU
		{444B271A-813D-4C94-BF96-E19DF292AA58}.Debug|Any CPU.Build.0 = Debug|Any CPU
		{444B271A-813D-4C94-BF96-E19DF292AA58}.Release|Any CPU.ActiveCfg = Release|Any CPU
		{444B271A-813D-4C94-BF96-E19DF292AA58}.Release|Any CPU.Build.0 = Release|Any CPU
		{F5AD9034-11EE-4696-B599-E725B2583584}.Debug|Any CPU.ActiveCfg = Debug|Any CPU
		{F5AD9034-11EE-4696-B599-E725B2583584}.Debug|Any CPU.Build.0 = Debug|Any CPU
		{F5AD9034-11EE-4696-B599-E725B2583584}.Release|Any CPU.ActiveCfg = Release|Any CPU
		{F5AD9034-11EE-4696-B599-E725B2583584}.Release|Any CPU.Build.0 = Release|Any CPU
		{8E713EF0-E927-4A2F-8679-8014AC67E01E}.Debug|Any CPU.ActiveCfg = Debug|Any CPU
		{8E713EF0-E927-4A2F-8679-8014AC67E01E}.Debug|Any CPU.Build.0 = Debug|Any CPU
		{8E713EF0-E927-4A2F-8679-8014AC67E01E}.Release|Any CPU.ActiveCfg = Release|Any CPU
		{8E713EF0-E927-4A2F-8679-8014AC67E01E}.Release|Any CPU.Build.0 = Release|Any CPU
	EndGlobalSection
	GlobalSection(SolutionProperties) = preSolution
		HideSolutionNode = FALSE
	EndGlobalSection
	GlobalSection(NestedProjects) = preSolution
		{67AF4815-91F0-4E6D-A9EF-034DD7DFEAF4} = {6575F7A8-0D08-41D3-AC12-9FCE38639BF4}
		{7F8186D0-B54F-47F3-A58F-8CADDDE2DD9A} = {58F48FEB-9B85-4D33-B578-1A6CEAE35A6E}
		{DAEC0A0A-B338-4A8F-B033-BB0F42CBCC97} = {6575F7A8-0D08-41D3-AC12-9FCE38639BF4}
		{F0207DC4-D890-402A-B8EB-25802F4254CD} = {6575F7A8-0D08-41D3-AC12-9FCE38639BF4}
		{D0275A35-CF66-40AF-820A-4F7CD0176173} = {6575F7A8-0D08-41D3-AC12-9FCE38639BF4}
		{1CD902A7-4253-484A-902F-F20268F76E41} = {6575F7A8-0D08-41D3-AC12-9FCE38639BF4}
		{444B271A-813D-4C94-BF96-E19DF292AA58} = {58F48FEB-9B85-4D33-B578-1A6CEAE35A6E}
		{F5AD9034-11EE-4696-B599-E725B2583584} = {6575F7A8-0D08-41D3-AC12-9FCE38639BF4}
		{8E713EF0-E927-4A2F-8679-8014AC67E01E} = {6575F7A8-0D08-41D3-AC12-9FCE38639BF4}
	EndGlobalSection
	GlobalSection(ExtensibilityGlobals) = postSolution
		SolutionGuid = {CBDFC198-519D-4F43-9613-405CE006A1B8}
	EndGlobalSection
EndGlobal
