
Microsoft Visual Studio Solution File, Format Version 12.00
# Visual Studio Version 16
VisualStudioVersion = 16.0.30804.86
MinimumVisualStudioVersion = 15.0.26124.0
Project("{2150E333-8FDC-42A3-9474-1A3956D46DE8}") = "src", "src", "{809E016C-9CDB-43C1-AFB9-0D372F77A275}"
EndProject
Project("{2150E333-8FDC-42A3-9474-1A3956D46DE8}") = "code", "code", "{0543B374-9999-4CDA-8E72-898211155001}"
EndProject
Project("{9A19103F-16F7-4668-BE54-9A1E7A4F7556}") = "BotTest", "code\BotTest\BotTest.csproj", "{312DC0D8-4672-42B0-9CE1-67254D6B5586}"
EndProject
Project("{9A19103F-16F7-4668-BE54-9A1E7A4F7556}") = "Benckmark", "code\Benckmark\Benckmark.csproj", "{99BB257E-4D2E-4A39-85D4-CB51253726BD}"
EndProject
Project("{9A19103F-16F7-4668-BE54-9A1E7A4F7556}") = "DiscordCs.Entity", "DiscordCs.Entity\DiscordCs.Entity.csproj", "{C9303E6B-4233-4899-88AB-A62769795041}"
EndProject
Project("{9A19103F-16F7-4668-BE54-9A1E7A4F7556}") = "DiscordCs", "DiscordCs\DiscordCs.csproj", "{6875E90D-54F7-4C92-AE30-9522EBA85950}"
EndProject
Project("{9A19103F-16F7-4668-BE54-9A1E7A4F7556}") = "DiscordCs.Caching", "DiscordCs.Caching\DiscordCs.Caching.csproj", "{7B77EAE9-F47C-458C-8BC3-112BBB63168E}"
EndProject
Project("{9A19103F-16F7-4668-BE54-9A1E7A4F7556}") = "DiscordCs.Caching.Standard", "DiscordCs.Caching.Standard\DiscordCs.Caching.Standard.csproj", "{A698ADDC-41E2-4F68-A5F1-7E1B0EC5E843}"
EndProject
Project("{9A19103F-16F7-4668-BE54-9A1E7A4F7556}") = "DiscordCs.Gateway", "DiscordCs.Gateway\DiscordCs.Gateway.csproj", "{E77A98C2-C847-42AC-B91B-38FF79D080B7}"
EndProject
Project("{9A19103F-16F7-4668-BE54-9A1E7A4F7556}") = "DiscordCs.Gateway.Standard", "DiscordCs.Gateway.Standard\DiscordCs.Gateway.Standard.csproj", "{BE639B62-52AD-496C-8FA4-9547283EC28C}"
EndProject
Project("{9A19103F-16F7-4668-BE54-9A1E7A4F7556}") = "DiscordCs.Logging", "DiscordCs.Logging\DiscordCs.Logging.csproj", "{211A1FAA-F80D-4B15-9BF8-AD44FC554409}"
EndProject
Project("{9A19103F-16F7-4668-BE54-9A1E7A4F7556}") = "DiscordCs.Logging.Standard", "DiscordCs.Logging.Standard\DiscordCs.Logging.Standard.csproj", "{4B53CE45-24A3-44E3-8607-8E012675A37F}"
EndProject
Project("{9A19103F-16F7-4668-BE54-9A1E7A4F7556}") = "DiscordCs.Rest", "DiscordCs.Rest\DiscordCs.Rest.csproj", "{4D9D311E-1863-414C-B078-251B8EDD57DD}"
EndProject
Project("{9A19103F-16F7-4668-BE54-9A1E7A4F7556}") = "DiscordCs.Rest.Standard", "DiscordCs.Rest.Standard\DiscordCs.Rest.Standard.csproj", "{8068300F-065F-4492-A692-FEE2C00FCB88}"
EndProject
Global
	GlobalSection(SolutionConfigurationPlatforms) = preSolution
		Debug|Any CPU = Debug|Any CPU
		Release|Any CPU = Release|Any CPU
	EndGlobalSection
	GlobalSection(ProjectConfigurationPlatforms) = postSolution
		{312DC0D8-4672-42B0-9CE1-67254D6B5586}.Debug|Any CPU.ActiveCfg = Debug|Any CPU
		{312DC0D8-4672-42B0-9CE1-67254D6B5586}.Debug|Any CPU.Build.0 = Debug|Any CPU
		{312DC0D8-4672-42B0-9CE1-67254D6B5586}.Release|Any CPU.ActiveCfg = Release|Any CPU
		{312DC0D8-4672-42B0-9CE1-67254D6B5586}.Release|Any CPU.Build.0 = Release|Any CPU
		{99BB257E-4D2E-4A39-85D4-CB51253726BD}.Debug|Any CPU.ActiveCfg = Debug|Any CPU
		{99BB257E-4D2E-4A39-85D4-CB51253726BD}.Debug|Any CPU.Build.0 = Debug|Any CPU
		{99BB257E-4D2E-4A39-85D4-CB51253726BD}.Release|Any CPU.ActiveCfg = Release|Any CPU
		{99BB257E-4D2E-4A39-85D4-CB51253726BD}.Release|Any CPU.Build.0 = Release|Any CPU
		{C9303E6B-4233-4899-88AB-A62769795041}.Debug|Any CPU.ActiveCfg = Debug|Any CPU
		{C9303E6B-4233-4899-88AB-A62769795041}.Debug|Any CPU.Build.0 = Debug|Any CPU
		{C9303E6B-4233-4899-88AB-A62769795041}.Release|Any CPU.ActiveCfg = Release|Any CPU
		{C9303E6B-4233-4899-88AB-A62769795041}.Release|Any CPU.Build.0 = Release|Any CPU
		{6875E90D-54F7-4C92-AE30-9522EBA85950}.Debug|Any CPU.ActiveCfg = Debug|Any CPU
		{6875E90D-54F7-4C92-AE30-9522EBA85950}.Debug|Any CPU.Build.0 = Debug|Any CPU
		{6875E90D-54F7-4C92-AE30-9522EBA85950}.Release|Any CPU.ActiveCfg = Release|Any CPU
		{6875E90D-54F7-4C92-AE30-9522EBA85950}.Release|Any CPU.Build.0 = Release|Any CPU
		{7B77EAE9-F47C-458C-8BC3-112BBB63168E}.Debug|Any CPU.ActiveCfg = Debug|Any CPU
		{7B77EAE9-F47C-458C-8BC3-112BBB63168E}.Debug|Any CPU.Build.0 = Debug|Any CPU
		{7B77EAE9-F47C-458C-8BC3-112BBB63168E}.Release|Any CPU.ActiveCfg = Release|Any CPU
		{7B77EAE9-F47C-458C-8BC3-112BBB63168E}.Release|Any CPU.Build.0 = Release|Any CPU
		{A698ADDC-41E2-4F68-A5F1-7E1B0EC5E843}.Debug|Any CPU.ActiveCfg = Debug|Any CPU
		{A698ADDC-41E2-4F68-A5F1-7E1B0EC5E843}.Debug|Any CPU.Build.0 = Debug|Any CPU
		{A698ADDC-41E2-4F68-A5F1-7E1B0EC5E843}.Release|Any CPU.ActiveCfg = Release|Any CPU
		{A698ADDC-41E2-4F68-A5F1-7E1B0EC5E843}.Release|Any CPU.Build.0 = Release|Any CPU
		{E77A98C2-C847-42AC-B91B-38FF79D080B7}.Debug|Any CPU.ActiveCfg = Debug|Any CPU
		{E77A98C2-C847-42AC-B91B-38FF79D080B7}.Debug|Any CPU.Build.0 = Debug|Any CPU
		{E77A98C2-C847-42AC-B91B-38FF79D080B7}.Release|Any CPU.ActiveCfg = Release|Any CPU
		{E77A98C2-C847-42AC-B91B-38FF79D080B7}.Release|Any CPU.Build.0 = Release|Any CPU
		{BE639B62-52AD-496C-8FA4-9547283EC28C}.Debug|Any CPU.ActiveCfg = Debug|Any CPU
		{BE639B62-52AD-496C-8FA4-9547283EC28C}.Debug|Any CPU.Build.0 = Debug|Any CPU
		{BE639B62-52AD-496C-8FA4-9547283EC28C}.Release|Any CPU.ActiveCfg = Release|Any CPU
		{BE639B62-52AD-496C-8FA4-9547283EC28C}.Release|Any CPU.Build.0 = Release|Any CPU
		{211A1FAA-F80D-4B15-9BF8-AD44FC554409}.Debug|Any CPU.ActiveCfg = Debug|Any CPU
		{211A1FAA-F80D-4B15-9BF8-AD44FC554409}.Debug|Any CPU.Build.0 = Debug|Any CPU
		{211A1FAA-F80D-4B15-9BF8-AD44FC554409}.Release|Any CPU.ActiveCfg = Release|Any CPU
		{211A1FAA-F80D-4B15-9BF8-AD44FC554409}.Release|Any CPU.Build.0 = Release|Any CPU
		{4B53CE45-24A3-44E3-8607-8E012675A37F}.Debug|Any CPU.ActiveCfg = Debug|Any CPU
		{4B53CE45-24A3-44E3-8607-8E012675A37F}.Debug|Any CPU.Build.0 = Debug|Any CPU
		{4B53CE45-24A3-44E3-8607-8E012675A37F}.Release|Any CPU.ActiveCfg = Release|Any CPU
		{4B53CE45-24A3-44E3-8607-8E012675A37F}.Release|Any CPU.Build.0 = Release|Any CPU
		{4D9D311E-1863-414C-B078-251B8EDD57DD}.Debug|Any CPU.ActiveCfg = Debug|Any CPU
		{4D9D311E-1863-414C-B078-251B8EDD57DD}.Debug|Any CPU.Build.0 = Debug|Any CPU
		{4D9D311E-1863-414C-B078-251B8EDD57DD}.Release|Any CPU.ActiveCfg = Release|Any CPU
		{4D9D311E-1863-414C-B078-251B8EDD57DD}.Release|Any CPU.Build.0 = Release|Any CPU
		{8068300F-065F-4492-A692-FEE2C00FCB88}.Debug|Any CPU.ActiveCfg = Debug|Any CPU
		{8068300F-065F-4492-A692-FEE2C00FCB88}.Debug|Any CPU.Build.0 = Debug|Any CPU
		{8068300F-065F-4492-A692-FEE2C00FCB88}.Release|Any CPU.ActiveCfg = Release|Any CPU
		{8068300F-065F-4492-A692-FEE2C00FCB88}.Release|Any CPU.Build.0 = Release|Any CPU
	EndGlobalSection
	GlobalSection(SolutionProperties) = preSolution
		HideSolutionNode = FALSE
	EndGlobalSection
	GlobalSection(NestedProjects) = preSolution
		{312DC0D8-4672-42B0-9CE1-67254D6B5586} = {0543B374-9999-4CDA-8E72-898211155001}
		{99BB257E-4D2E-4A39-85D4-CB51253726BD} = {0543B374-9999-4CDA-8E72-898211155001}
		{C9303E6B-4233-4899-88AB-A62769795041} = {809E016C-9CDB-43C1-AFB9-0D372F77A275}
		{6875E90D-54F7-4C92-AE30-9522EBA85950} = {809E016C-9CDB-43C1-AFB9-0D372F77A275}
		{7B77EAE9-F47C-458C-8BC3-112BBB63168E} = {809E016C-9CDB-43C1-AFB9-0D372F77A275}
		{A698ADDC-41E2-4F68-A5F1-7E1B0EC5E843} = {809E016C-9CDB-43C1-AFB9-0D372F77A275}
		{E77A98C2-C847-42AC-B91B-38FF79D080B7} = {809E016C-9CDB-43C1-AFB9-0D372F77A275}
		{BE639B62-52AD-496C-8FA4-9547283EC28C} = {809E016C-9CDB-43C1-AFB9-0D372F77A275}
		{211A1FAA-F80D-4B15-9BF8-AD44FC554409} = {809E016C-9CDB-43C1-AFB9-0D372F77A275}
		{4B53CE45-24A3-44E3-8607-8E012675A37F} = {809E016C-9CDB-43C1-AFB9-0D372F77A275}
		{4D9D311E-1863-414C-B078-251B8EDD57DD} = {809E016C-9CDB-43C1-AFB9-0D372F77A275}
		{8068300F-065F-4492-A692-FEE2C00FCB88} = {809E016C-9CDB-43C1-AFB9-0D372F77A275}
	EndGlobalSection
	GlobalSection(ExtensibilityGlobals) = postSolution
		SolutionGuid = {CBDFC198-519D-4F43-9613-405CE006A1B8}
	EndGlobalSection
EndGlobal
